// !$*UTF8*$!
{
	archiveVersion = 1;
	classes = {
	};
	objectVersion = 50;
	objects = {

/* Begin PBXBuildFile section */
		2C9439F925CEAB79007208AF /* AppDelegate.swift in Sources */ = {isa = PBXBuildFile; fileRef = 2C9439F825CEAB79007208AF /* AppDelegate.swift */; };
		2C9439FB25CEAB79007208AF /* SceneDelegate.swift in Sources */ = {isa = PBXBuildFile; fileRef = 2C9439FA25CEAB79007208AF /* SceneDelegate.swift */; };
		2C9439FD25CEAB79007208AF /* ViewController.swift in Sources */ = {isa = PBXBuildFile; fileRef = 2C9439FC25CEAB79007208AF /* ViewController.swift */; };
		2C943A0025CEAB79007208AF /* Main.storyboard in Resources */ = {isa = PBXBuildFile; fileRef = 2C9439FE25CEAB79007208AF /* Main.storyboard */; };
		2C943A0225CEAB7A007208AF /* Assets.xcassets in Resources */ = {isa = PBXBuildFile; fileRef = 2C943A0125CEAB7A007208AF /* Assets.xcassets */; };
		2C943A0525CEAB7A007208AF /* LaunchScreen.storyboard in Resources */ = {isa = PBXBuildFile; fileRef = 2C943A0325CEAB7A007208AF /* LaunchScreen.storyboard */; };
/* End PBXBuildFile section */

/* Begin PBXFileReference section */
		2C9439F525CEAB79007208AF /* Webasto Start.app */ = {isa = PBXFileReference; explicitFileType = wrapper.application; includeInIndex = 0; path = "Webasto Start.app"; sourceTree = BUILT_PRODUCTS_DIR; };
		2C9439F825CEAB79007208AF /* AppDelegate.swift */ = {isa = PBXFileReference; lastKnownFileType = sourcecode.swift; path = AppDelegate.swift; sourceTree = "<group>"; };
		2C9439FA25CEAB79007208AF /* SceneDelegate.swift */ = {isa = PBXFileReference; lastKnownFileType = sourcecode.swift; path = SceneDelegate.swift; sourceTree = "<group>"; };
		2C9439FC25CEAB79007208AF /* ViewController.swift */ = {isa = PBXFileReference; lastKnownFileType = sourcecode.swift; path = ViewController.swift; sourceTree = "<group>"; };
		2C9439FF25CEAB79007208AF /* Base */ = {isa = PBXFileReference; lastKnownFileType = file.storyboard; name = Base; path = Base.lproj/Main.storyboard; sourceTree = "<group>"; };
		2C943A0125CEAB7A007208AF /* Assets.xcassets */ = {isa = PBXFileReference; lastKnownFileType = folder.assetcatalog; path = Assets.xcassets; sourceTree = "<group>"; };
		2C943A0425CEAB7A007208AF /* Base */ = {isa = PBXFileReference; lastKnownFileType = file.storyboard; name = Base; path = Base.lproj/LaunchScreen.storyboard; sourceTree = "<group>"; };
		2C943A0625CEAB7A007208AF /* Info.plist */ = {isa = PBXFileReference; lastKnownFileType = text.plist.xml; path = Info.plist; sourceTree = "<group>"; };
/* End PBXFileReference section */

/* Begin PBXFrameworksBuildPhase section */
		2C9439F225CEAB79007208AF /* Frameworks */ = {
			isa = PBXFrameworksBuildPhase;
			buildActionMask = 2147483647;
			files = (
			);
			runOnlyForDeploymentPostprocessing = 0;
		};
/* End PBXFrameworksBuildPhase section */

/* Begin PBXGroup section */
		2C9439EC25CEAB79007208AF = {
			isa = PBXGroup;
			children = (
				2C9439F725CEAB79007208AF /* Webasto Start */,
				2C9439F625CEAB79007208AF /* Products */,
			);
			sourceTree = "<group>";
		};
		2C9439F625CEAB79007208AF /* Products */ = {
			isa = PBXGroup;
			children = (
				2C9439F525CEAB79007208AF /* Webasto Start.app */,
			);
			name = Products;
			sourceTree = "<group>";
		};
		2C9439F725CEAB79007208AF /* Webasto Start */ = {
			isa = PBXGroup;
			children = (
				2C9439F825CEAB79007208AF /* AppDelegate.swift */,
				2C9439FA25CEAB79007208AF /* SceneDelegate.swift */,
				2C9439FC25CEAB79007208AF /* ViewController.swift */,
				2C9439FE25CEAB79007208AF /* Main.storyboard */,
				2C943A0125CEAB7A007208AF /* Assets.xcassets */,
				2C943A0325CEAB7A007208AF /* LaunchScreen.storyboard */,
				2C943A0625CEAB7A007208AF /* Info.plist */,
			);
			path = "Webasto Start";
			sourceTree = "<group>";
		};
/* End PBXGroup section */

/* Begin PBXNativeTarget section */
		2C9439F425CEAB79007208AF /* Webasto Start */ = {
			isa = PBXNativeTarget;
			buildConfigurationList = 2C943A0925CEAB7A007208AF /* Build configuration list for PBXNativeTarget "Webasto Start" */;
			buildPhases = (
				2C9439F125CEAB79007208AF /* Sources */,
				2C9439F225CEAB79007208AF /* Frameworks */,
				2C9439F325CEAB79007208AF /* Resources */,
			);
			buildRules = (
			);
			dependencies = (
			);
			name = "Webasto Start";
			productName = "Webasto Start";
			productReference = 2C9439F525CEAB79007208AF /* Webasto Start.app */;
			productType = "com.apple.product-type.application";
		};
/* End PBXNativeTarget section */

/* Begin PBXProject section */
		2C9439ED25CEAB79007208AF /* Project object */ = {
			isa = PBXProject;
			attributes = {
				LastSwiftUpdateCheck = 1240;
				LastUpgradeCheck = 1240;
				TargetAttributes = {
					2C9439F425CEAB79007208AF = {
						CreatedOnToolsVersion = 12.4;
					};
				};
			};
			buildConfigurationList = 2C9439F025CEAB79007208AF /* Build configuration list for PBXProject "Webasto Start" */;
			compatibilityVersion = "Xcode 9.3";
			developmentRegion = en;
			hasScannedForEncodings = 0;
			knownRegions = (
				en,
				Base,
			);
			mainGroup = 2C9439EC25CEAB79007208AF;
			productRefGroup = 2C9439F625CEAB79007208AF /* Products */;
			projectDirPath = "";
			projectRoot = "";
			targets = (
				2C9439F425CEAB79007208AF /* Webasto Start */,
			);
		};
/* End PBXProject section */

/* Begin PBXResourcesBuildPhase section */
		2C9439F325CEAB79007208AF /* Resources */ = {
			isa = PBXResourcesBuildPhase;
			buildActionMask = 2147483647;
			files = (
				2C943A0525CEAB7A007208AF /* LaunchScreen.storyboard in Resources */,
				2C943A0225CEAB7A007208AF /* Assets.xcassets in Resources */,
				2C943A0025CEAB79007208AF /* Main.storyboard in Resources */,
			);
			runOnlyForDeploymentPostprocessing = 0;
		};
/* End PBXResourcesBuildPhase section */

/* Begin PBXSourcesBuildPhase section */
		2C9439F125CEAB79007208AF /* Sources */ = {
			isa = PBXSourcesBuildPhase;
			buildActionMask = 2147483647;
			files = (
				2C9439FD25CEAB79007208AF /* ViewController.swift in Sources */,
				2C9439F925CEAB79007208AF /* AppDelegate.swift in Sources */,
				2C9439FB25CEAB79007208AF /* SceneDelegate.swift in Sources */,
			);
			runOnlyForDeploymentPostprocessing = 0;
		};
/* End PBXSourcesBuildPhase section */

/* Begin PBXVariantGroup section */
		2C9439FE25CEAB79007208AF /* Main.storyboard */ = {
			isa = PBXVariantGroup;
			children = (
				2C9439FF25CEAB79007208AF /* Base */,
			);
			name = Main.storyboard;
			sourceTree = "<group>";
		};
		2C943A0325CEAB7A007208AF /* LaunchScreen.storyboard */ = {
			isa = PBXVariantGroup;
			children = (
				2C943A0425CEAB7A007208AF /* Base */,
			);
			name = LaunchScreen.storyboard;
			sourceTree = "<group>";
		};
/* End PBXVariantGroup section */

/* Begin XCBuildConfiguration section */
		2C943A0725CEAB7A007208AF /* Debug */ = {
			isa = XCBuildConfiguration;
			buildSettings = {
				ALWAYS_SEARCH_USER_PATHS = NO;
				CLANG_ANALYZER_NONNULL = YES;
				CLANG_ANALYZER_NUMBER_OBJECT_CONVERSION = YES_AGGRESSIVE;
				CLANG_CXX_LANGUAGE_STANDARD = "gnu++14";
				CLANG_CXX_LIBRARY = "libc++";
				CLANG_ENABLE_MODULES = YES;
				CLANG_ENABLE_OBJC_ARC = YES;
				CLANG_ENABLE_OBJC_WEAK = YES;
				CLANG_WARN_BLOCK_CAPTURE_AUTORELEASING = YES;
				CLANG_WARN_BOOL_CONVERSION = YES;
				CLANG_WARN_COMMA = YES;
				CLANG_WARN_CONSTANT_CONVERSION = YES;
				CLANG_WARN_DEPRECATED_OBJC_IMPLEMENTATIONS = YES;
				CLANG_WARN_DIRECT_OBJC_ISA_USAGE = YES_ERROR;
				CLANG_WARN_DOCUMENTATION_COMMENTS = YES;
				CLANG_WARN_EMPTY_BODY = YES;
				CLANG_WARN_ENUM_CONVERSION = YES;
				CLANG_WARN_INFINITE_RECURSION = YES;
				CLANG_WARN_INT_CONVERSION = YES;
				CLANG_WARN_NON_LITERAL_NULL_CONVERSION = YES;
				CLANG_WARN_OBJC_IMPLICIT_RETAIN_SELF = YES;
				CLANG_WARN_OBJC_LITERAL_CONVERSION = YES;
				CLANG_WARN_OBJC_ROOT_CLASS = YES_ERROR;
				CLANG_WARN_QUOTED_INCLUDE_IN_FRAMEWORK_HEADER = YES;
				CLANG_WARN_RANGE_LOOP_ANALYSIS = YES;
				CLANG_WARN_STRICT_PROTOTYPES = YES;
				CLANG_WARN_SUSPICIOUS_MOVE = YES;
				CLANG_WARN_UNGUARDED_AVAILABILITY = YES_AGGRESSIVE;
				CLANG_WARN_UNREACHABLE_CODE = YES;
				CLANG_WARN__DUPLICATE_METHOD_MATCH = YES;
				COPY_PHASE_STRIP = NO;
				DEBUG_INFORMATION_FORMAT = dwarf;
				ENABLE_STRICT_OBJC_MSGSEND = YES;
				ENABLE_TESTABILITY = YES;
				GCC_C_LANGUAGE_STANDARD = gnu11;
				GCC_DYNAMIC_NO_PIC = NO;
				GCC_NO_COMMON_BLOCKS = YES;
				GCC_OPTIMIZATION_LEVEL = 0;
				GCC_PREPROCESSOR_DEFINITIONS = (
					"DEBUG=1",
					"$(inherited)",
				);
				GCC_WARN_64_TO_32_BIT_CONVERSION = YES;
				GCC_WARN_ABOUT_RETURN_TYPE = YES_ERROR;
				GCC_WARN_UNDECLARED_SELECTOR = YES;
				GCC_WARN_UNINITIALIZED_AUTOS = YES_AGGRESSIVE;
				GCC_WARN_UNUSED_FUNCTION = YES;
				GCC_WARN_UNUSED_VARIABLE = YES;
				IPHONEOS_DEPLOYMENT_TARGET = 14.4;
				MTL_ENABLE_DEBUG_INFO = INCLUDE_SOURCE;
				MTL_FAST_MATH = YES;
				ONLY_ACTIVE_ARCH = YES;
				SDKROOT = iphoneos;
				SWIFT_ACTIVE_COMPILATION_CONDITIONS = DEBUG;
				SWIFT_OPTIMIZATION_LEVEL = "-Onone";
			};
			name = Debug;
		};
		2C943A0825CEAB7A007208AF /* Release */ = {
			isa = XCBuildConfiguration;
			buildSettings = {
				ALWAYS_SEARCH_USER_PATHS = NO;
				CLANG_ANALYZER_NONNULL = YES;
				CLANG_ANALYZER_NUMBER_OBJECT_CONVERSION = YES_AGGRESSIVE;
				CLANG_CXX_LANGUAGE_STANDARD = "gnu++14";
				CLANG_CXX_LIBRARY = "libc++";
				CLANG_ENABLE_MODULES = YES;
				CLANG_ENABLE_OBJC_ARC = YES;
				CLANG_ENABLE_OBJC_WEAK = YES;
				CLANG_WARN_BLOCK_CAPTURE_AUTORELEASING = YES;
				CLANG_WARN_BOOL_CONVERSION = YES;
				CLANG_WARN_COMMA = YES;
				CLANG_WARN_CONSTANT_CONVERSION = YES;
				CLANG_WARN_DEPRECATED_OBJC_IMPLEMENTATIONS = YES;
				CLANG_WARN_DIRECT_OBJC_ISA_USAGE = YES_ERROR;
				CLANG_WARN_DOCUMENTATION_COMMENTS = YES;
				CLANG_WARN_EMPTY_BODY = YES;
				CLANG_WARN_ENUM_CONVERSION = YES;
				CLANG_WARN_INFINITE_RECURSION = YES;
				CLANG_WARN_INT_CONVERSION = YES;
				CLANG_WARN_NON_LITERAL_NULL_CONVERSION = YES;
				CLANG_WARN_OBJC_IMPLICIT_RETAIN_SELF = YES;
				CLANG_WARN_OBJC_LITERAL_CONVERSION = YES;
				CLANG_WARN_OBJC_ROOT_CLASS = YES_ERROR;
				CLANG_WARN_QUOTED_INCLUDE_IN_FRAMEWORK_HEADER = YES;
				CLANG_WARN_RANGE_LOOP_ANALYSIS = YES;
				CLANG_WARN_STRICT_PROTOTYPES = YES;
				CLANG_WARN_SUSPICIOUS_MOVE = YES;
				CLANG_WARN_UNGUARDED_AVAILABILITY = YES_AGGRESSIVE;
				CLANG_WARN_UNREACHABLE_CODE = YES;
				CLANG_WARN__DUPLICATE_METHOD_MATCH = YES;
				COPY_PHASE_STRIP = NO;
				DEBUG_INFORMATION_FORMAT = "dwarf-with-dsym";
				ENABLE_NS_ASSERTIONS = NO;
				ENABLE_STRICT_OBJC_MSGSEND = YES;
				GCC_C_LANGUAGE_STANDARD = gnu11;
				GCC_NO_COMMON_BLOCKS = YES;
				GCC_WARN_64_TO_32_BIT_CONVERSION = YES;
				GCC_WARN_ABOUT_RETURN_TYPE = YES_ERROR;
				GCC_WARN_UNDECLARED_SELECTOR = YES;
				GCC_WARN_UNINITIALIZED_AUTOS = YES_AGGRESSIVE;
				GCC_WARN_UNUSED_FUNCTION = YES;
				GCC_WARN_UNUSED_VARIABLE = YES;
				IPHONEOS_DEPLOYMENT_TARGET = 14.4;
				MTL_ENABLE_DEBUG_INFO = NO;
				MTL_FAST_MATH = YES;
				SDKROOT = iphoneos;
				SWIFT_COMPILATION_MODE = wholemodule;
				SWIFT_OPTIMIZATION_LEVEL = "-O";
				VALIDATE_PRODUCT = YES;
			};
			name = Release;
		};
		2C943A0A25CEAB7A007208AF /* Debug */ = {
			isa = XCBuildConfiguration;
			buildSettings = {
				ASSETCATALOG_COMPILER_APPICON_NAME = AppIcon;
				ASSETCATALOG_COMPILER_GLOBAL_ACCENT_COLOR_NAME = AccentColor;
				CODE_SIGN_STYLE = Automatic;
				DEVELOPMENT_TEAM = B66N983M7Q;
				INFOPLIST_FILE = "Webasto Start/Info.plist";
				IPHONEOS_DEPLOYMENT_TARGET = 12.1;
				LD_RUNPATH_SEARCH_PATHS = (
					"$(inherited)",
					"@executable_path/Frameworks",
				);
				MARKETING_VERSION = 0.1;
				PRODUCT_BUNDLE_IDENTIFIER = "ru.zyfunphoto.Webasto-Start";
				PRODUCT_NAME = "$(TARGET_NAME)";
				SWIFT_VERSION = 5.0;
				TARGETED_DEVICE_FAMILY = 1;
			};
			name = Debug;
		};
		2C943A0B25CEAB7A007208AF /* Release */ = {
			isa = XCBuildConfiguration;
			buildSettings = {
				ASSETCATALOG_COMPILER_APPICON_NAME = AppIcon;
				ASSETCATALOG_COMPILER_GLOBAL_ACCENT_COLOR_NAME = AccentColor;
				CODE_SIGN_STYLE = Automatic;
				DEVELOPMENT_TEAM = B66N983M7Q;
				INFOPLIST_FILE = "Webasto Start/Info.plist";
				IPHONEOS_DEPLOYMENT_TARGET = 12.1;
				LD_RUNPATH_SEARCH_PATHS = (
					"$(inherited)",
					"@executable_path/Frameworks",
				);
				MARKETING_VERSION = 0.1;
				PRODUCT_BUNDLE_IDENTIFIER = "ru.zyfunphoto.Webasto-Start";
				PRODUCT_NAME = "$(TARGET_NAME)";
				SWIFT_VERSION = 5.0;
				TARGETED_DEVICE_FAMILY = 1;
			};
			name = Release;
		};
/* End XCBuildConfiguration section */

/* Begin XCConfigurationList section */
		2C9439F025CEAB79007208AF /* Build configuration list for PBXProject "Webasto Start" */ = {
			isa = XCConfigurationList;
			buildConfigurations = (
				2C943A0725CEAB7A007208AF /* Debug */,
				2C943A0825CEAB7A007208AF /* Release */,
			);
			defaultConfigurationIsVisible = 0;
			defaultConfigurationName = Release;
		};
		2C943A0925CEAB7A007208AF /* Build configuration list for PBXNativeTarget "Webasto Start" */ = {
			isa = XCConfigurationList;
			buildConfigurations = (
				2C943A0A25CEAB7A007208AF /* Debug */,
				2C943A0B25CEAB7A007208AF /* Release */,
			);
			defaultConfigurationIsVisible = 0;
			defaultConfigurationName = Release;
		};
/* End XCConfigurationList section */
	};
	rootObject = 2C9439ED25CEAB79007208AF /* Project object */;
}
